// !$*UTF8*$!
{
	archiveVersion = 1;
	classes = {
	};
	objectVersion = 77;
	objects = {

/* Begin PBXBuildFile section */
		07301670B271DAA58000B59E /* AppStoreIcon.icns in Resources */ = {isa = PBXBuildFile; fileRef = 305995185515328FEB93E477 /* AppStoreIcon.icns */; };
		090F170163BD5E7C55C52FC7 /* LinkDocIcon.icns in Resources */ = {isa = PBXBuildFile; fileRef = 0552A9984333109324593B6E /* LinkDocIcon.icns */; };
		13E857E455FD50CE65DFC3A1 /* GitHubIcon.icns in Resources */ = {isa = PBXBuildFile; fileRef = D270F5B23D1CC3E01CA0017E /* GitHubIcon.icns */; };
		3E416D9B1FDF2FD7940E44B6 /* Assets.xcassets in Resources */ = {isa = PBXBuildFile; fileRef = F3029DEA6C006E5FCC9B29C1 /* Assets.xcassets */; };
		3F49D130F2B1D4141FDE099C /* YouTubeIcon.icns in Resources */ = {isa = PBXBuildFile; fileRef = 268D886A4E6BA1BF0842A2BD /* YouTubeIcon.icns */; };
		4C8F38A56B0505E984115911 /* L1nkApp.swift in Sources */ = {isa = PBXBuildFile; fileRef = A5A80EED287AF9B86A8DD563 /* L1nkApp.swift */; };
		52F756B70C119FA746218F3F /* VimeoIcon.icns in Resources */ = {isa = PBXBuildFile; fileRef = 084FBFBE34203AAC8C80A8F9 /* VimeoIcon.icns */; };
		6DDCBDCBED3DC5CED37EEDDE /* AppIcon.icns in Resources */ = {isa = PBXBuildFile; fileRef = 775DDA11842771BE4B74A7C5 /* AppIcon.icns */; };
		D58429F46E9FF80D57B9CFEE /* SettingsView.swift in Sources */ = {isa = PBXBuildFile; fileRef = A630BAA72A750F07C9C65D1D /* SettingsView.swift */; };
		FAE6C9A9CC42FFB2CE929258 /* ContentView.swift in Sources */ = {isa = PBXBuildFile; fileRef = CF2A63ECA07AC7C638D3639C /* ContentView.swift */; };
/* End PBXBuildFile section */

/* Begin PBXFileReference section */
		0552A9984333109324593B6E /* LinkDocIcon.icns */ = {isa = PBXFileReference; lastKnownFileType = image.icns; path = LinkDocIcon.icns; sourceTree = "<group>"; };
		084FBFBE34203AAC8C80A8F9 /* VimeoIcon.icns */ = {isa = PBXFileReference; lastKnownFileType = image.icns; path = VimeoIcon.icns; sourceTree = "<group>"; };
		0F8C57F0822FD8169249AB18 /* .gitignore */ = {isa = PBXFileReference; path = .gitignore; sourceTree = "<group>"; };
		268D886A4E6BA1BF0842A2BD /* YouTubeIcon.icns */ = {isa = PBXFileReference; lastKnownFileType = image.icns; path = YouTubeIcon.icns; sourceTree = "<group>"; };
		305995185515328FEB93E477 /* AppStoreIcon.icns */ = {isa = PBXFileReference; lastKnownFileType = image.icns; path = AppStoreIcon.icns; sourceTree = "<group>"; };
		625989DB3D392021603A11BF /* L1nk.app */ = {isa = PBXFileReference; explicitFileType = wrapper.application; includeInIndex = 0; path = L1nk.app; sourceTree = BUILT_PRODUCTS_DIR; };
		775DDA11842771BE4B74A7C5 /* AppIcon.icns */ = {isa = PBXFileReference; lastKnownFileType = image.icns; path = AppIcon.icns; sourceTree = "<group>"; };
		A5A80EED287AF9B86A8DD563 /* L1nkApp.swift */ = {isa = PBXFileReference; lastKnownFileType = sourcecode.swift; path = L1nkApp.swift; sourceTree = "<group>"; };
		A630BAA72A750F07C9C65D1D /* SettingsView.swift */ = {isa = PBXFileReference; lastKnownFileType = sourcecode.swift; path = SettingsView.swift; sourceTree = "<group>"; };
		AC76B4945325C5B0B02755DA /* L1nk.entitlements */ = {isa = PBXFileReference; lastKnownFileType = text.plist.entitlements; path = L1nk.entitlements; sourceTree = "<group>"; };
		CF2A63ECA07AC7C638D3639C /* ContentView.swift */ = {isa = PBXFileReference; lastKnownFileType = sourcecode.swift; path = ContentView.swift; sourceTree = "<group>"; };
		D270F5B23D1CC3E01CA0017E /* GitHubIcon.icns */ = {isa = PBXFileReference; lastKnownFileType = image.icns; path = GitHubIcon.icns; sourceTree = "<group>"; };
		F3029DEA6C006E5FCC9B29C1 /* Assets.xcassets */ = {isa = PBXFileReference; lastKnownFileType = folder.assetcatalog; path = Assets.xcassets; sourceTree = "<group>"; };
		F50AFF4A87A40264D6C390F4 /* Info.plist */ = {isa = PBXFileReference; lastKnownFileType = text.plist; path = Info.plist; sourceTree = "<group>"; };
/* End PBXFileReference section */

/* Begin PBXGroup section */
		1B92220006175B060A9046BE = {
			isa = PBXGroup;
			children = (
				F3029DEA6C006E5FCC9B29C1 /* Assets.xcassets */,
				F2B9D7AEFCDC49543F19D330 /* .notebook */,
				B16F0A6F2F89DA011635F0DE /* L1nK */,
				DF635378572971B3DA5E0072 /* Products */,
			);
			sourceTree = "<group>";
		};
		B16F0A6F2F89DA011635F0DE /* L1nK */ = {
			isa = PBXGroup;
			children = (
				0F8C57F0822FD8169249AB18 /* .gitignore */,
				775DDA11842771BE4B74A7C5 /* AppIcon.icns */,
				305995185515328FEB93E477 /* AppStoreIcon.icns */,
				F3029DEA6C006E5FCC9B29C1 /* Assets.xcassets */,
				CF2A63ECA07AC7C638D3639C /* ContentView.swift */,
				D270F5B23D1CC3E01CA0017E /* GitHubIcon.icns */,
				F50AFF4A87A40264D6C390F4 /* Info.plist */,
				AC76B4945325C5B0B02755DA /* L1nk.entitlements */,
				A5A80EED287AF9B86A8DD563 /* L1nkApp.swift */,
				0552A9984333109324593B6E /* LinkDocIcon.icns */,
				A630BAA72A750F07C9C65D1D /* SettingsView.swift */,
				084FBFBE34203AAC8C80A8F9 /* VimeoIcon.icns */,
				268D886A4E6BA1BF0842A2BD /* YouTubeIcon.icns */,
			);
			name = L1nK;
			path = .;
			sourceTree = "<group>";
		};
		DF635378572971B3DA5E0072 /* Products */ = {
			isa = PBXGroup;
			children = (
				625989DB3D392021603A11BF /* L1nk.app */,
			);
			name = Products;
			sourceTree = "<group>";
		};
		F2B9D7AEFCDC49543F19D330 /* .notebook */ = {
			isa = PBXGroup;
			children = (
			);
			path = .notebook;
			sourceTree = "<group>";
		};
/* End PBXGroup section */

/* Begin PBXNativeTarget section */
		4C85B44AD8AE8967AB507DB9 /* L1nk */ = {
			isa = PBXNativeTarget;
			buildConfigurationList = B3CCAFC7A4AF9B7C1D3C7381 /* Build configuration list for PBXNativeTarget "L1nk" */;
			buildPhases = (
				F9A3286A612F1F3B8509E6E7 /* Sources */,
				0B765F0CD6DB555545DF85B4 /* Resources */,
			);
			buildRules = (
			);
			dependencies = (
			);
			name = L1nk;
			packageProductDependencies = (
			);
			productName = L1nk;
			productReference = 625989DB3D392021603A11BF /* L1nk.app */;
			productType = "com.apple.product-type.application";
		};
/* End PBXNativeTarget section */

/* Begin PBXProject section */
		2A795B662B58A93D28206ABC /* Project object */ = {
			isa = PBXProject;
			attributes = {
				BuildIndependentTargetsInParallel = YES;
				LastUpgradeCheck = 1500;
				TargetAttributes = {
					4C85B44AD8AE8967AB507DB9 = {
						ProvisioningStyle = Automatic;
					};
				};
			};
			buildConfigurationList = 740243DF8B1B81862AD4E547 /* Build configuration list for PBXProject "L1nk" */;
			compatibilityVersion = "Xcode 14.0";
			developmentRegion = en;
			hasScannedForEncodings = 0;
			knownRegions = (
				Base,
				en,
			);
			mainGroup = 1B92220006175B060A9046BE;
			minimizedProjectReferenceProxies = 1;
			preferredProjectObjectVersion = 77;
			projectDirPath = "";
			projectRoot = "";
			targets = (
				4C85B44AD8AE8967AB507DB9 /* L1nk */,
			);
		};
/* End PBXProject section */

/* Begin PBXResourcesBuildPhase section */
		0B765F0CD6DB555545DF85B4 /* Resources */ = {
			isa = PBXResourcesBuildPhase;
			buildActionMask = 2147483647;
			files = (
				6DDCBDCBED3DC5CED37EEDDE /* AppIcon.icns in Resources */,
				07301670B271DAA58000B59E /* AppStoreIcon.icns in Resources */,
				3E416D9B1FDF2FD7940E44B6 /* Assets.xcassets in Resources */,
				13E857E455FD50CE65DFC3A1 /* GitHubIcon.icns in Resources */,
				090F170163BD5E7C55C52FC7 /* LinkDocIcon.icns in Resources */,
				52F756B70C119FA746218F3F /* VimeoIcon.icns in Resources */,
				3F49D130F2B1D4141FDE099C /* YouTubeIcon.icns in Resources */,
			);
			runOnlyForDeploymentPostprocessing = 0;
		};
/* End PBXResourcesBuildPhase section */

/* Begin PBXSourcesBuildPhase section */
		F9A3286A612F1F3B8509E6E7 /* Sources */ = {
			isa = PBXSourcesBuildPhase;
			buildActionMask = 2147483647;
			files = (
				FAE6C9A9CC42FFB2CE929258 /* ContentView.swift in Sources */,
				4C8F38A56B0505E984115911 /* L1nkApp.swift in Sources */,
				D58429F46E9FF80D57B9CFEE /* SettingsView.swift in Sources */,
			);
			runOnlyForDeploymentPostprocessing = 0;
		};
/* End PBXSourcesBuildPhase section */

/* Begin XCBuildConfiguration section */
		05B24FAF423A3B1A03FD3DCE /* Release */ = {
			isa = XCBuildConfiguration;
			buildSettings = {
				ALWAYS_SEARCH_USER_PATHS = NO;
				CLANG_ANALYZER_NONNULL = YES;
				CLANG_ANALYZER_NUMBER_OBJECT_CONVERSION = YES_AGGRESSIVE;
				CLANG_CXX_LANGUAGE_STANDARD = "gnu++14";
				CLANG_CXX_LIBRARY = "libc++";
				CLANG_ENABLE_MODULES = YES;
				CLANG_ENABLE_OBJC_ARC = YES;
				CLANG_ENABLE_OBJC_WEAK = YES;
				CLANG_WARN_BLOCK_CAPTURE_AUTORELEASING = YES;
				CLANG_WARN_BOOL_CONVERSION = YES;
				CLANG_WARN_COMMA = YES;
				CLANG_WARN_CONSTANT_CONVERSION = YES;
				CLANG_WARN_DEPRECATED_OBJC_IMPLEMENTATIONS = YES;
				CLANG_WARN_DIRECT_OBJC_ISA_USAGE = YES_ERROR;
				CLANG_WARN_DOCUMENTATION_COMMENTS = YES;
				CLANG_WARN_EMPTY_BODY = YES;
				CLANG_WARN_ENUM_CONVERSION = YES;
				CLANG_WARN_INFINITE_RECURSION = YES;
				CLANG_WARN_INT_CONVERSION = YES;
				CLANG_WARN_NON_LITERAL_NULL_CONVERSION = YES;
				CLANG_WARN_OBJC_IMPLICIT_RETAIN_SELF = YES;
				CLANG_WARN_OBJC_LITERAL_CONVERSION = YES;
				CLANG_WARN_OBJC_ROOT_CLASS = YES_ERROR;
				CLANG_WARN_QUOTED_INCLUDE_IN_FRAMEWORK_HEADER = YES;
				CLANG_WARN_RANGE_LOOP_ANALYSIS = YES;
				CLANG_WARN_STRICT_PROTOTYPES = YES;
				CLANG_WARN_SUSPICIOUS_MOVE = YES;
				CLANG_WARN_UNGUARDED_AVAILABILITY = YES_AGGRESSIVE;
				CLANG_WARN_UNREACHABLE_CODE = YES;
				CLANG_WARN__DUPLICATE_METHOD_MATCH = YES;
				COPY_PHASE_STRIP = NO;
				DEBUG_INFORMATION_FORMAT = "dwarf-with-dsym";
				ENABLE_NS_ASSERTIONS = NO;
				ENABLE_STRICT_OBJC_MSGSEND = YES;
				GCC_C_LANGUAGE_STANDARD = gnu11;
				GCC_NO_COMMON_BLOCKS = YES;
				GCC_WARN_64_TO_32_BIT_CONVERSION = YES;
				GCC_WARN_ABOUT_RETURN_TYPE = YES_ERROR;
				GCC_WARN_UNDECLARED_SELECTOR = YES;
				GCC_WARN_UNINITIALIZED_AUTOS = YES_AGGRESSIVE;
				GCC_WARN_UNUSED_FUNCTION = YES;
				GCC_WARN_UNUSED_VARIABLE = YES;
				MACOSX_DEPLOYMENT_TARGET = 12.0;
				MTL_ENABLE_DEBUG_INFO = NO;
				MTL_FAST_MATH = YES;
				PRODUCT_NAME = "$(TARGET_NAME)";
				SDKROOT = macosx;
				SWIFT_COMPILATION_MODE = wholemodule;
				SWIFT_OPTIMIZATION_LEVEL = "-O";
				SWIFT_VERSION = 5.0;
			};
			name = Release;
		};
		33E3884A214E8045C6960C56 /* Debug */ = {
			isa = XCBuildConfiguration;
			buildSettings = {
				ALWAYS_SEARCH_USER_PATHS = NO;
				CLANG_ANALYZER_NONNULL = YES;
				CLANG_ANALYZER_NUMBER_OBJECT_CONVERSION = YES_AGGRESSIVE;
				CLANG_CXX_LANGUAGE_STANDARD = "gnu++14";
				CLANG_CXX_LIBRARY = "libc++";
				CLANG_ENABLE_MODULES = YES;
				CLANG_ENABLE_OBJC_ARC = YES;
				CLANG_ENABLE_OBJC_WEAK = YES;
				CLANG_WARN_BLOCK_CAPTURE_AUTORELEASING = YES;
				CLANG_WARN_BOOL_CONVERSION = YES;
				CLANG_WARN_COMMA = YES;
				CLANG_WARN_CONSTANT_CONVERSION = YES;
				CLANG_WARN_DEPRECATED_OBJC_IMPLEMENTATIONS = YES;
				CLANG_WARN_DIRECT_OBJC_ISA_USAGE = YES_ERROR;
				CLANG_WARN_DOCUMENTATION_COMMENTS = YES;
				CLANG_WARN_EMPTY_BODY = YES;
				CLANG_WARN_ENUM_CONVERSION = YES;
				CLANG_WARN_INFINITE_RECURSION = YES;
				CLANG_WARN_INT_CONVERSION = YES;
				CLANG_WARN_NON_LITERAL_NULL_CONVERSION = YES;
				CLANG_WARN_OBJC_IMPLICIT_RETAIN_SELF = YES;
				CLANG_WARN_OBJC_LITERAL_CONVERSION = YES;
				CLANG_WARN_OBJC_ROOT_CLASS = YES_ERROR;
				CLANG_WARN_QUOTED_INCLUDE_IN_FRAMEWORK_HEADER = YES;
				CLANG_WARN_RANGE_LOOP_ANALYSIS = YES;
				CLANG_WARN_STRICT_PROTOTYPES = YES;
				CLANG_WARN_SUSPICIOUS_MOVE = YES;
				CLANG_WARN_UNGUARDED_AVAILABILITY = YES_AGGRESSIVE;
				CLANG_WARN_UNREACHABLE_CODE = YES;
				CLANG_WARN__DUPLICATE_METHOD_MATCH = YES;
				COPY_PHASE_STRIP = NO;
				DEBUG_INFORMATION_FORMAT = dwarf;
				ENABLE_STRICT_OBJC_MSGSEND = YES;
				ENABLE_TESTABILITY = YES;
				GCC_C_LANGUAGE_STANDARD = gnu11;
				GCC_DYNAMIC_NO_PIC = NO;
				GCC_NO_COMMON_BLOCKS = YES;
				GCC_OPTIMIZATION_LEVEL = 0;
				GCC_PREPROCESSOR_DEFINITIONS = (
					"$(inherited)",
					"DEBUG=1",
				);
				GCC_WARN_64_TO_32_BIT_CONVERSION = YES;
				GCC_WARN_ABOUT_RETURN_TYPE = YES_ERROR;
				GCC_WARN_UNDECLARED_SELECTOR = YES;
				GCC_WARN_UNINITIALIZED_AUTOS = YES_AGGRESSIVE;
				GCC_WARN_UNUSED_FUNCTION = YES;
				GCC_WARN_UNUSED_VARIABLE = YES;
				MACOSX_DEPLOYMENT_TARGET = 12.0;
				MTL_ENABLE_DEBUG_INFO = INCLUDE_SOURCE;
				MTL_FAST_MATH = YES;
				ONLY_ACTIVE_ARCH = YES;
				PRODUCT_NAME = "$(TARGET_NAME)";
				SDKROOT = macosx;
				SWIFT_ACTIVE_COMPILATION_CONDITIONS = DEBUG;
				SWIFT_OPTIMIZATION_LEVEL = "-Onone";
				SWIFT_VERSION = 5.0;
			};
			name = Debug;
		};
		7A2F9DFF47FCBF2B470CC394 /* Debug */ = {
			isa = XCBuildConfiguration;
			buildSettings = {
				ASSETCATALOG_COMPILER_APPICON_NAME = AppIcon;
				CODE_SIGN_ENTITLEMENTS = L1nk.entitlements;
				CODE_SIGN_STYLE = Automatic;
				COMBINE_HIDPI_IMAGES = YES;
				ENABLE_HARDENED_RUNTIME = YES;
				INFOPLIST_FILE = Info.plist;
				LD_RUNPATH_SEARCH_PATHS = (
					"$(inherited)",
					"@executable_path/../Frameworks",
				);
				MACOSX_DEPLOYMENT_TARGET = 12.0;
				PRODUCT_BUNDLE_IDENTIFIER = com.yourcompany.l1nk;
				SDKROOT = macosx;
				SWIFT_VERSION = 5.0;
			};
			name = Debug;
		};
		ABF7AA105CFDF8563ABB4A8B /* Release */ = {
			isa = XCBuildConfiguration;
			buildSettings = {
				ASSETCATALOG_COMPILER_APPICON_NAME = AppIcon;
				CODE_SIGN_ENTITLEMENTS = L1nk.entitlements;
				CODE_SIGN_STYLE = Automatic;
				COMBINE_HIDPI_IMAGES = YES;
				ENABLE_HARDENED_RUNTIME = YES;
				INFOPLIST_FILE = Info.plist;
				LD_RUNPATH_SEARCH_PATHS = (
					"$(inherited)",
					"@executable_path/../Frameworks",
				);
				MACOSX_DEPLOYMENT_TARGET = 12.0;
				PRODUCT_BUNDLE_IDENTIFIER = com.yourcompany.l1nk;
				SDKROOT = macosx;
				SWIFT_VERSION = 5.0;
			};
			name = Release;
		};
/* End XCBuildConfiguration section */

/* Begin XCConfigurationList section */
		740243DF8B1B81862AD4E547 /* Build configuration list for PBXProject "L1nk" */ = {
			isa = XCConfigurationList;
			buildConfigurations = (
				33E3884A214E8045C6960C56 /* Debug */,
				05B24FAF423A3B1A03FD3DCE /* Release */,
			);
			defaultConfigurationIsVisible = 0;
			defaultConfigurationName = Debug;
		};
		B3CCAFC7A4AF9B7C1D3C7381 /* Build configuration list for PBXNativeTarget "L1nk" */ = {
			isa = XCConfigurationList;
			buildConfigurations = (
				7A2F9DFF47FCBF2B470CC394 /* Debug */,
				ABF7AA105CFDF8563ABB4A8B /* Release */,
			);
			defaultConfigurationIsVisible = 0;
			defaultConfigurationName = Debug;
		};
/* End XCConfigurationList section */
	};
	rootObject = 2A795B662B58A93D28206ABC /* Project object */;
}
